// !$*UTF8*$!
{
	archiveVersion = 1;
	classes = {
	};
	objectVersion = 46;
	objects = {

/* Begin PBXBuildFile section */
		85552F8DCC706D2183AA742E /* Pods_FLICKRLight.framework in Frameworks */ = {isa = PBXBuildFile; fileRef = EF6C7E79802751F23BAE37AD /* Pods_FLICKRLight.framework */; };
		DE2DD1311D5B0B6100875DD5 /* NearestViewController.swift in Sources */ = {isa = PBXBuildFile; fileRef = DE2DD1301D5B0B6100875DD5 /* NearestViewController.swift */; };
		DE2DD1331D5B0B9600875DD5 /* SearchViewController.swift in Sources */ = {isa = PBXBuildFile; fileRef = DE2DD1321D5B0B9600875DD5 /* SearchViewController.swift */; };
		DE2DD1351D5B0C1C00875DD5 /* DetailViewController.swift in Sources */ = {isa = PBXBuildFile; fileRef = DE2DD1341D5B0C1C00875DD5 /* DetailViewController.swift */; };
		DE2DD1371D5B274D00875DD5 /* PhotoListLoader.swift in Sources */ = {isa = PBXBuildFile; fileRef = DE2DD1361D5B274D00875DD5 /* PhotoListLoader.swift */; };
		DE2DD1391D5B447200875DD5 /* CollectionViewCell.swift in Sources */ = {isa = PBXBuildFile; fileRef = DE2DD1381D5B447200875DD5 /* CollectionViewCell.swift */; };
		DE3EF10A1D5AFE300002DD76 /* AppDelegate.swift in Sources */ = {isa = PBXBuildFile; fileRef = DE3EF1091D5AFE300002DD76 /* AppDelegate.swift */; };
		DE3EF1111D5AFE300002DD76 /* Main.storyboard in Resources */ = {isa = PBXBuildFile; fileRef = DE3EF10F1D5AFE300002DD76 /* Main.storyboard */; };
		DE3EF1131D5AFE300002DD76 /* Assets.xcassets in Resources */ = {isa = PBXBuildFile; fileRef = DE3EF1121D5AFE300002DD76 /* Assets.xcassets */; };
		DE3EF1161D5AFE300002DD76 /* LaunchScreen.storyboard in Resources */ = {isa = PBXBuildFile; fileRef = DE3EF1141D5AFE300002DD76 /* LaunchScreen.storyboard */; };
		DE3F8D3F1D5C75DA00A344CA /* CollectionViewController.swift in Sources */ = {isa = PBXBuildFile; fileRef = DE3F8D3E1D5C75DA00A344CA /* CollectionViewController.swift */; };
		DE5BC71D1D61AD270087203E /* PhotoInfo.swift in Sources */ = {isa = PBXBuildFile; fileRef = DE5BC71C1D61AD270087203E /* PhotoInfo.swift */; };
/* End PBXBuildFile section */

/* Begin PBXFileReference section */
		3CAF14994A841C68D55429D3 /* Pods-FLICKRLight.release.xcconfig */ = {isa = PBXFileReference; includeInIndex = 1; lastKnownFileType = text.xcconfig; name = "Pods-FLICKRLight.release.xcconfig"; path = "Pods/Target Support Files/Pods-FLICKRLight/Pods-FLICKRLight.release.xcconfig"; sourceTree = "<group>"; };
		DE2DD1301D5B0B6100875DD5 /* NearestViewController.swift */ = {isa = PBXFileReference; fileEncoding = 4; lastKnownFileType = sourcecode.swift; path = NearestViewController.swift; sourceTree = "<group>"; };
		DE2DD1321D5B0B9600875DD5 /* SearchViewController.swift */ = {isa = PBXFileReference; fileEncoding = 4; lastKnownFileType = sourcecode.swift; path = SearchViewController.swift; sourceTree = "<group>"; };
		DE2DD1341D5B0C1C00875DD5 /* DetailViewController.swift */ = {isa = PBXFileReference; fileEncoding = 4; lastKnownFileType = sourcecode.swift; path = DetailViewController.swift; sourceTree = "<group>"; };
		DE2DD1361D5B274D00875DD5 /* PhotoListLoader.swift */ = {isa = PBXFileReference; fileEncoding = 4; lastKnownFileType = sourcecode.swift; path = PhotoListLoader.swift; sourceTree = "<group>"; };
		DE2DD1381D5B447200875DD5 /* CollectionViewCell.swift */ = {isa = PBXFileReference; fileEncoding = 4; lastKnownFileType = sourcecode.swift; path = CollectionViewCell.swift; sourceTree = "<group>"; };
		DE3EF1061D5AFE300002DD76 /* FLICKRLight.app */ = {isa = PBXFileReference; explicitFileType = wrapper.application; includeInIndex = 0; path = FLICKRLight.app; sourceTree = BUILT_PRODUCTS_DIR; };
		DE3EF1091D5AFE300002DD76 /* AppDelegate.swift */ = {isa = PBXFileReference; lastKnownFileType = sourcecode.swift; path = AppDelegate.swift; sourceTree = "<group>"; };
		DE3EF1101D5AFE300002DD76 /* Base */ = {isa = PBXFileReference; lastKnownFileType = file.storyboard; name = Base; path = Base.lproj/Main.storyboard; sourceTree = "<group>"; };
		DE3EF1121D5AFE300002DD76 /* Assets.xcassets */ = {isa = PBXFileReference; lastKnownFileType = folder.assetcatalog; path = Assets.xcassets; sourceTree = "<group>"; };
		DE3EF1151D5AFE300002DD76 /* Base */ = {isa = PBXFileReference; lastKnownFileType = file.storyboard; name = Base; path = Base.lproj/LaunchScreen.storyboard; sourceTree = "<group>"; };
		DE3EF1171D5AFE300002DD76 /* Info.plist */ = {isa = PBXFileReference; lastKnownFileType = text.plist.xml; path = Info.plist; sourceTree = "<group>"; };
		DE3F8D3E1D5C75DA00A344CA /* CollectionViewController.swift */ = {isa = PBXFileReference; fileEncoding = 4; lastKnownFileType = sourcecode.swift; path = CollectionViewController.swift; sourceTree = "<group>"; };
		DE5BC71C1D61AD270087203E /* PhotoInfo.swift */ = {isa = PBXFileReference; fileEncoding = 4; lastKnownFileType = sourcecode.swift; path = PhotoInfo.swift; sourceTree = "<group>"; };
		EF6C7E79802751F23BAE37AD /* Pods_FLICKRLight.framework */ = {isa = PBXFileReference; explicitFileType = wrapper.framework; includeInIndex = 0; path = Pods_FLICKRLight.framework; sourceTree = BUILT_PRODUCTS_DIR; };
		FB3EC8681CB844D3EE831B6D /* Pods-FLICKRLight.debug.xcconfig */ = {isa = PBXFileReference; includeInIndex = 1; lastKnownFileType = text.xcconfig; name = "Pods-FLICKRLight.debug.xcconfig"; path = "Pods/Target Support Files/Pods-FLICKRLight/Pods-FLICKRLight.debug.xcconfig"; sourceTree = "<group>"; };
/* End PBXFileReference section */

/* Begin PBXFrameworksBuildPhase section */
		DE3EF1031D5AFE300002DD76 /* Frameworks */ = {
			isa = PBXFrameworksBuildPhase;
			buildActionMask = 2147483647;
			files = (
				85552F8DCC706D2183AA742E /* Pods_FLICKRLight.framework in Frameworks */,
			);
			runOnlyForDeploymentPostprocessing = 0;
		};
/* End PBXFrameworksBuildPhase section */

/* Begin PBXGroup section */
		4ED3AB88DEFAB8391D50C56A /* Pods */ = {
			isa = PBXGroup;
			children = (
				FB3EC8681CB844D3EE831B6D /* Pods-FLICKRLight.debug.xcconfig */,
				3CAF14994A841C68D55429D3 /* Pods-FLICKRLight.release.xcconfig */,
			);
			name = Pods;
			sourceTree = "<group>";
		};
		7B68A0ADFC66CA3E7B27E3F7 /* Frameworks */ = {
			isa = PBXGroup;
			children = (
				EF6C7E79802751F23BAE37AD /* Pods_FLICKRLight.framework */,
			);
			name = Frameworks;
			sourceTree = "<group>";
		};
		DE3EF0FD1D5AFE300002DD76 = {
			isa = PBXGroup;
			children = (
				DE3EF1081D5AFE300002DD76 /* FLICKRLight */,
				DE3EF1071D5AFE300002DD76 /* Products */,
				4ED3AB88DEFAB8391D50C56A /* Pods */,
				7B68A0ADFC66CA3E7B27E3F7 /* Frameworks */,
			);
			sourceTree = "<group>";
		};
		DE3EF1071D5AFE300002DD76 /* Products */ = {
			isa = PBXGroup;
			children = (
				DE3EF1061D5AFE300002DD76 /* FLICKRLight.app */,
			);
			name = Products;
			sourceTree = "<group>";
		};
		DE3EF1081D5AFE300002DD76 /* FLICKRLight */ = {
			isa = PBXGroup;
			children = (
				DE3EF1171D5AFE300002DD76 /* Info.plist */,
				DE3EF1091D5AFE300002DD76 /* AppDelegate.swift */,
				DE2DD1381D5B447200875DD5 /* CollectionViewCell.swift */,
				DE3F8D3E1D5C75DA00A344CA /* CollectionViewController.swift */,
				DE2DD1341D5B0C1C00875DD5 /* DetailViewController.swift */,
				DE2DD1301D5B0B6100875DD5 /* NearestViewController.swift */,
				DE5BC71C1D61AD270087203E /* PhotoInfo.swift */,
				DE2DD1361D5B274D00875DD5 /* PhotoListLoader.swift */,
				DE2DD1321D5B0B9600875DD5 /* SearchViewController.swift */,
				DE3EF1121D5AFE300002DD76 /* Assets.xcassets */,
				DE3EF1141D5AFE300002DD76 /* LaunchScreen.storyboard */,
				DE3EF10F1D5AFE300002DD76 /* Main.storyboard */,
			);
			path = FLICKRLight;
			sourceTree = "<group>";
		};
/* End PBXGroup section */

/* Begin PBXNativeTarget section */
		DE3EF1051D5AFE300002DD76 /* FLICKRLight */ = {
			isa = PBXNativeTarget;
			buildConfigurationList = DE3EF11A1D5AFE300002DD76 /* Build configuration list for PBXNativeTarget "FLICKRLight" */;
			buildPhases = (
				F5AD510C937D0D363E4D4D63 /* [CP] Check Pods Manifest.lock */,
				DE3EF1021D5AFE300002DD76 /* Sources */,
				DE3EF1031D5AFE300002DD76 /* Frameworks */,
				DE3EF1041D5AFE300002DD76 /* Resources */,
				2D7D2610768840C0F4C5E1B2 /* [CP] Embed Pods Frameworks */,
				6C43AD1FF5C0E8EE24197D2C /* [CP] Copy Pods Resources */,
			);
			buildRules = (
			);
			dependencies = (
			);
			name = FLICKRLight;
			productName = FLICKRLight;
			productReference = DE3EF1061D5AFE300002DD76 /* FLICKRLight.app */;
			productType = "com.apple.product-type.application";
		};
/* End PBXNativeTarget section */

/* Begin PBXProject section */
		DE3EF0FE1D5AFE300002DD76 /* Project object */ = {
			isa = PBXProject;
			attributes = {
				LastSwiftUpdateCheck = 0730;
				LastUpgradeCheck = 0730;
				ORGANIZATIONNAME = "Yuriy Velichko";
				TargetAttributes = {
					DE3EF1051D5AFE300002DD76 = {
						CreatedOnToolsVersion = 7.3.1;
					};
				};
			};
			buildConfigurationList = DE3EF1011D5AFE300002DD76 /* Build configuration list for PBXProject "FLICKRLight" */;
			compatibilityVersion = "Xcode 3.2";
			developmentRegion = English;
			hasScannedForEncodings = 0;
			knownRegions = (
				en,
				Base,
			);
			mainGroup = DE3EF0FD1D5AFE300002DD76;
			productRefGroup = DE3EF1071D5AFE300002DD76 /* Products */;
			projectDirPath = "";
			projectRoot = "";
			targets = (
				DE3EF1051D5AFE300002DD76 /* FLICKRLight */,
			);
		};
/* End PBXProject section */

/* Begin PBXResourcesBuildPhase section */
		DE3EF1041D5AFE300002DD76 /* Resources */ = {
			isa = PBXResourcesBuildPhase;
			buildActionMask = 2147483647;
			files = (
				DE3EF1161D5AFE300002DD76 /* LaunchScreen.storyboard in Resources */,
				DE3EF1131D5AFE300002DD76 /* Assets.xcassets in Resources */,
				DE3EF1111D5AFE300002DD76 /* Main.storyboard in Resources */,
			);
			runOnlyForDeploymentPostprocessing = 0;
		};
/* End PBXResourcesBuildPhase section */

/* Begin PBXShellScriptBuildPhase section */
		2D7D2610768840C0F4C5E1B2 /* [CP] Embed Pods Frameworks */ = {
			isa = PBXShellScriptBuildPhase;
			buildActionMask = 2147483647;
			files = (
			);
			inputPaths = (
			);
			name = "[CP] Embed Pods Frameworks";
			outputPaths = (
			);
			runOnlyForDeploymentPostprocessing = 0;
			shellPath = /bin/sh;
			shellScript = "\"${SRCROOT}/Pods/Target Support Files/Pods-FLICKRLight/Pods-FLICKRLight-frameworks.sh\"\n";
			showEnvVarsInLog = 0;
		};
		6C43AD1FF5C0E8EE24197D2C /* [CP] Copy Pods Resources */ = {
			isa = PBXShellScriptBuildPhase;
			buildActionMask = 2147483647;
			files = (
			);
			inputPaths = (
			);
			name = "[CP] Copy Pods Resources";
			outputPaths = (
			);
			runOnlyForDeploymentPostprocessing = 0;
			shellPath = /bin/sh;
			shellScript = "\"${SRCROOT}/Pods/Target Support Files/Pods-FLICKRLight/Pods-FLICKRLight-resources.sh\"\n";
			showEnvVarsInLog = 0;
		};
		F5AD510C937D0D363E4D4D63 /* [CP] Check Pods Manifest.lock */ = {
			isa = PBXShellScriptBuildPhase;
			buildActionMask = 2147483647;
			files = (
			);
			inputPaths = (
			);
			name = "[CP] Check Pods Manifest.lock";
			outputPaths = (
			);
			runOnlyForDeploymentPostprocessing = 0;
			shellPath = /bin/sh;
			shellScript = "diff \"${PODS_ROOT}/../Podfile.lock\" \"${PODS_ROOT}/Manifest.lock\" > /dev/null\nif [[ $? != 0 ]] ; then\n    cat << EOM\nerror: The sandbox is not in sync with the Podfile.lock. Run 'pod install' or update your CocoaPods installation.\nEOM\n    exit 1\nfi\n";
			showEnvVarsInLog = 0;
		};
/* End PBXShellScriptBuildPhase section */

/* Begin PBXSourcesBuildPhase section */
		DE3EF1021D5AFE300002DD76 /* Sources */ = {
			isa = PBXSourcesBuildPhase;
			buildActionMask = 2147483647;
			files = (
				DE5BC71D1D61AD270087203E /* PhotoInfo.swift in Sources */,
				DE2DD1331D5B0B9600875DD5 /* SearchViewController.swift in Sources */,
				DE3F8D3F1D5C75DA00A344CA /* CollectionViewController.swift in Sources */,
				DE3EF10A1D5AFE300002DD76 /* AppDelegate.swift in Sources */,
				DE2DD1391D5B447200875DD5 /* CollectionViewCell.swift in Sources */,
				DE2DD1371D5B274D00875DD5 /* PhotoListLoader.swift in Sources */,
				DE2DD1311D5B0B6100875DD5 /* NearestViewController.swift in Sources */,
				DE2DD1351D5B0C1C00875DD5 /* DetailViewController.swift in Sources */,
			);
			runOnlyForDeploymentPostprocessing = 0;
		};
/* End PBXSourcesBuildPhase section */

/* Begin PBXVariantGroup section */
		DE3EF10F1D5AFE300002DD76 /* Main.storyboard */ = {
			isa = PBXVariantGroup;
			children = (
				DE3EF1101D5AFE300002DD76 /* Base */,
			);
			name = Main.storyboard;
			sourceTree = "<group>";
		};
		DE3EF1141D5AFE300002DD76 /* LaunchScreen.storyboard */ = {
			isa = PBXVariantGroup;
			children = (
				DE3EF1151D5AFE300002DD76 /* Base */,
			);
			name = LaunchScreen.storyboard;
			sourceTree = "<group>";
		};
/* End PBXVariantGroup section */

/* Begin XCBuildConfiguration section */
		DE3EF1181D5AFE300002DD76 /* Debug */ = {
			isa = XCBuildConfiguration;
			buildSettings = {
				ALWAYS_SEARCH_USER_PATHS = NO;
				CLANG_ANALYZER_NONNULL = YES;
				CLANG_CXX_LANGUAGE_STANDARD = "gnu++0x";
				CLANG_CXX_LIBRARY = "libc++";
				CLANG_ENABLE_MODULES = YES;
				CLANG_ENABLE_OBJC_ARC = YES;
				CLANG_WARN_BOOL_CONVERSION = YES;
				CLANG_WARN_CONSTANT_CONVERSION = YES;
				CLANG_WARN_DIRECT_OBJC_ISA_USAGE = YES_ERROR;
				CLANG_WARN_EMPTY_BODY = YES;
				CLANG_WARN_ENUM_CONVERSION = YES;
				CLANG_WARN_INT_CONVERSION = YES;
				CLANG_WARN_OBJC_ROOT_CLASS = YES_ERROR;
				CLANG_WARN_UNREACHABLE_CODE = YES;
				CLANG_WARN__DUPLICATE_METHOD_MATCH = YES;
				"CODE_SIGN_IDENTITY[sdk=iphoneos*]" = "iPhone Developer";
				COPY_PHASE_STRIP = NO;
				DEBUG_INFORMATION_FORMAT = dwarf;
				ENABLE_STRICT_OBJC_MSGSEND = YES;
				ENABLE_TESTABILITY = YES;
				GCC_C_LANGUAGE_STANDARD = gnu99;
				GCC_DYNAMIC_NO_PIC = NO;
				GCC_NO_COMMON_BLOCKS = YES;
				GCC_OPTIMIZATION_LEVEL = 0;
				GCC_PREPROCESSOR_DEFINITIONS = (
					"DEBUG=1",
					"$(inherited)",
				);
				GCC_WARN_64_TO_32_BIT_CONVERSION = YES;
				GCC_WARN_ABOUT_RETURN_TYPE = YES_ERROR;
				GCC_WARN_UNDECLARED_SELECTOR = YES;
				GCC_WARN_UNINITIALIZED_AUTOS = YES_AGGRESSIVE;
				GCC_WARN_UNUSED_FUNCTION = YES;
				GCC_WARN_UNUSED_VARIABLE = YES;
				IPHONEOS_DEPLOYMENT_TARGET = 9.3;
				MTL_ENABLE_DEBUG_INFO = YES;
				ONLY_ACTIVE_ARCH = YES;
				SDKROOT = iphoneos;
				SWIFT_OPTIMIZATION_LEVEL = "-Onone";
				TARGETED_DEVICE_FAMILY = "1,2";
			};
			name = Debug;
		};
		DE3EF1191D5AFE300002DD76 /* Release */ = {
			isa = XCBuildConfiguration;
			buildSettings = {
				ALWAYS_SEARCH_USER_PATHS = NO;
				CLANG_ANALYZER_NONNULL = YES;
				CLANG_CXX_LANGUAGE_STANDARD = "gnu++0x";
				CLANG_CXX_LIBRARY = "libc++";
				CLANG_ENABLE_MODULES = YES;
				CLANG_ENABLE_OBJC_ARC = YES;
				CLANG_WARN_BOOL_CONVERSION = YES;
				CLANG_WARN_CONSTANT_CONVERSION = YES;
				CLANG_WARN_DIRECT_OBJC_ISA_USAGE = YES_ERROR;
				CLANG_WARN_EMPTY_BODY = YES;
				CLANG_WARN_ENUM_CONVERSION = YES;
				CLANG_WARN_INT_CONVERSION = YES;
				CLANG_WARN_OBJC_ROOT_CLASS = YES_ERROR;
				CLANG_WARN_UNREACHABLE_CODE = YES;
				CLANG_WARN__DUPLICATE_METHOD_MATCH = YES;
				"CODE_SIGN_IDENTITY[sdk=iphoneos*]" = "iPhone Developer";
				COPY_PHASE_STRIP = NO;
				DEBUG_INFORMATION_FORMAT = "dwarf-with-dsym";
				ENABLE_NS_ASSERTIONS = NO;
				ENABLE_STRICT_OBJC_MSGSEND = YES;
				GCC_C_LANGUAGE_STANDARD = gnu99;
				GCC_NO_COMMON_BLOCKS = YES;
				GCC_WARN_64_TO_32_BIT_CONVERSION = YES;
				GCC_WARN_ABOUT_RETURN_TYPE = YES_ERROR;
				GCC_WARN_UNDECLARED_SELECTOR = YES;
				GCC_WARN_UNINITIALIZED_AUTOS = YES_AGGRESSIVE;
				GCC_WARN_UNUSED_FUNCTION = YES;
				GCC_WARN_UNUSED_VARIABLE = YES;
				IPHONEOS_DEPLOYMENT_TARGET = 9.3;
				MTL_ENABLE_DEBUG_INFO = NO;
				SDKROOT = iphoneos;
				TARGETED_DEVICE_FAMILY = "1,2";
				VALIDATE_PRODUCT = YES;
			};
			name = Release;
		};
		DE3EF11B1D5AFE300002DD76 /* Debug */ = {
			isa = XCBuildConfiguration;
			baseConfigurationReference = FB3EC8681CB844D3EE831B6D /* Pods-FLICKRLight.debug.xcconfig */;
			buildSettings = {
				ASSETCATALOG_COMPILER_APPICON_NAME = AppIcon;
				INFOPLIST_FILE = FLICKRLight/Info.plist;
				LD_RUNPATH_SEARCH_PATHS = "$(inherited) @executable_path/Frameworks";
				PRODUCT_BUNDLE_IDENTIFIER = "yv-test.FLICKRLight";
				PRODUCT_NAME = "$(TARGET_NAME)";
			};
			name = Debug;
		};
		DE3EF11C1D5AFE300002DD76 /* Release */ = {
			isa = XCBuildConfiguration;
			baseConfigurationReference = 3CAF14994A841C68D55429D3 /* Pods-FLICKRLight.release.xcconfig */;
			buildSettings = {
				ASSETCATALOG_COMPILER_APPICON_NAME = AppIcon;
				INFOPLIST_FILE = FLICKRLight/Info.plist;
				LD_RUNPATH_SEARCH_PATHS = "$(inherited) @executable_path/Frameworks";
				PRODUCT_BUNDLE_IDENTIFIER = "yv-test.FLICKRLight";
				PRODUCT_NAME = "$(TARGET_NAME)";
			};
			name = Release;
		};
/* End XCBuildConfiguration section */

/* Begin XCConfigurationList section */
		DE3EF1011D5AFE300002DD76 /* Build configuration list for PBXProject "FLICKRLight" */ = {
			isa = XCConfigurationList;
			buildConfigurations = (
				DE3EF1181D5AFE300002DD76 /* Debug */,
				DE3EF1191D5AFE300002DD76 /* Release */,
			);
			defaultConfigurationIsVisible = 0;
			defaultConfigurationName = Release;
		};
		DE3EF11A1D5AFE300002DD76 /* Build configuration list for PBXNativeTarget "FLICKRLight" */ = {
			isa = XCConfigurationList;
			buildConfigurations = (
				DE3EF11B1D5AFE300002DD76 /* Debug */,
				DE3EF11C1D5AFE300002DD76 /* Release */,
			);
			defaultConfigurationIsVisible = 0;
			defaultConfigurationName = Release;
		};
/* End XCConfigurationList section */
	};
	rootObject = DE3EF0FE1D5AFE300002DD76 /* Project object */;
}
